
Microsoft Visual Studio Solution File, Format Version 12.00
# Visual Studio Version 17
VisualStudioVersion = 17.8.34511.84
MinimumVisualStudioVersion = 10.0.40219.1
Project("{2150E333-8FDC-42A3-9474-1A3956D46DE8}") = "Structural Design Patterns", "Structural Design Patterns", "{FBF815E1-6402-4DC5-8C66-261FF365F449}"
EndProject
Project("{2150E333-8FDC-42A3-9474-1A3956D46DE8}") = "Behavioral Design Patterns", "Behavioral Design Patterns", "{EF19EE1A-1738-4885-B147-BD96780A965B}"
EndProject
Project("{9A19103F-16F7-4668-BE54-9A1E7A4F7556}") = "Adapter", "Adapter\Adapter.csproj", "{8D172994-BAED-4404-BC95-D6C39B78D0FC}"
EndProject
Project("{2150E333-8FDC-42A3-9474-1A3956D46DE8}") = "Creational Design Patterns", "Creational Design Patterns", "{52C4487B-3345-4099-9EA6-20386ADFBA5F}"
EndProject
Project("{9A19103F-16F7-4668-BE54-9A1E7A4F7556}") = "Factory_Method", "Factory_Method\Factory_Method.csproj", "{C9AAD217-91F0-4EC8-9AEA-6D994C56200C}"
EndProject
Project("{9A19103F-16F7-4668-BE54-9A1E7A4F7556}") = "Abstract_Factory", "Abstract_Factory\Abstract_Factory.csproj", "{A5D9990C-50FF-4F34-A7F5-3E1308352AA9}"
EndProject
Project("{9A19103F-16F7-4668-BE54-9A1E7A4F7556}") = "Builder", "Builder\Builder.csproj", "{4BD17CC4-AC07-4E16-80ED-04018F38B07F}"
EndProject
Project("{9A19103F-16F7-4668-BE54-9A1E7A4F7556}") = "Prototype", "Prototype\Prototype.csproj", "{23DA5762-DF82-423A-9AA6-44A14C0700AC}"
EndProject
Project("{9A19103F-16F7-4668-BE54-9A1E7A4F7556}") = "Proxy", "Proxy\Proxy.csproj", "{53A2E460-F2C5-4F2C-892F-9A8F26438BEB}"
EndProject
Project("{9A19103F-16F7-4668-BE54-9A1E7A4F7556}") = "Bridge", "Bridge\Bridge.csproj", "{6022406E-8805-4FC4-AE82-13D606B93DA1}"
EndProject
Project("{9A19103F-16F7-4668-BE54-9A1E7A4F7556}") = "Composite", "Composite\Composite.csproj", "{6CF7F4E6-6BBF-4E12-BCCD-E16B7F43C952}"
EndProject
Project("{9A19103F-16F7-4668-BE54-9A1E7A4F7556}") = "Decorator", "Decorator\Decorator.csproj", "{405A4CBC-1AA0-4A04-878A-0D4F3568E210}"
EndProject
Project("{9A19103F-16F7-4668-BE54-9A1E7A4F7556}") = "Facade", "Facade\Facade.csproj", "{B635D664-1297-4A71-A561-C2F133890CBC}"
EndProject
Project("{9A19103F-16F7-4668-BE54-9A1E7A4F7556}") = "Flyweight", "Flyweight\Flyweight.csproj", "{3758B26B-3387-4972-AD14-D8CA50CBCB8C}"
EndProject
Project("{9A19103F-16F7-4668-BE54-9A1E7A4F7556}") = "ChainOfResponsibility", "ChainOfResponsibility\ChainOfResponsibility.csproj", "{DD600DC6-751D-4BE4-8AF1-55D73AD200F6}"
EndProject
Project("{9A19103F-16F7-4668-BE54-9A1E7A4F7556}") = "Command", "Command\Command.csproj", "{15E7B988-85EB-4811-AC02-838551BAB61F}"
EndProject
Project("{9A19103F-16F7-4668-BE54-9A1E7A4F7556}") = "Iterator", "Iterator\Iterator.csproj", "{DB630210-B450-431F-940B-C366ED247D28}"
EndProject
Project("{9A19103F-16F7-4668-BE54-9A1E7A4F7556}") = "Mediator", "Mediator\Mediator.csproj", "{241D9DB5-9C8C-497E-A08A-8C0EFAE2F301}"
EndProject
Project("{9A19103F-16F7-4668-BE54-9A1E7A4F7556}") = "Memento", "Memento\Memento.csproj", "{D02BB05F-51ED-4537-99BD-FD6893206DE2}"
EndProject
Project("{9A19103F-16F7-4668-BE54-9A1E7A4F7556}") = "Observer", "Observer\Observer.csproj", "{36826F8F-B9E8-4856-9B7A-F09F2825179F}"
EndProject
Project("{9A19103F-16F7-4668-BE54-9A1E7A4F7556}") = "State", "State\State.csproj", "{91A10044-1205-4505-B4E1-C439F7D97917}"
EndProject
Project("{9A19103F-16F7-4668-BE54-9A1E7A4F7556}") = "Strategy", "Strategy\Strategy.csproj", "{47301CED-6093-4C92-889B-F618E72A7685}"
EndProject
Project("{9A19103F-16F7-4668-BE54-9A1E7A4F7556}") = "TemplateMethod", "TemplateMethod\TemplateMethod.csproj", "{E46EB19C-0731-4C76-A44D-2FDB62D08089}"
EndProject
Project("{9A19103F-16F7-4668-BE54-9A1E7A4F7556}") = "Visitor", "Visitor\Visitor.csproj", "{B1E90638-43F5-4F17-9558-341E7CE024A4}"
EndProject
Project("{9A19103F-16F7-4668-BE54-9A1E7A4F7556}") = "Singleton", "Singleton\Singleton.csproj", "{DBEFE6C2-4AF2-4491-A644-91A2D51D3EFB}"
EndProject
Project("{FAE04EC0-301F-11D3-BF4B-00C04F79EFBC}") = "ObjectPool", "ObjectPool\ObjectPool.csproj", "{221FC29D-A9B1-4E1D-85B5-4BE515CBB075}"
EndProject
Global
	GlobalSection(SolutionConfigurationPlatforms) = preSolution
		Debug|Any CPU = Debug|Any CPU
		Release|Any CPU = Release|Any CPU
	EndGlobalSection
	GlobalSection(ProjectConfigurationPlatforms) = postSolution
		{8D172994-BAED-4404-BC95-D6C39B78D0FC}.Debug|Any CPU.ActiveCfg = Debug|Any CPU
		{8D172994-BAED-4404-BC95-D6C39B78D0FC}.Debug|Any CPU.Build.0 = Debug|Any CPU
		{8D172994-BAED-4404-BC95-D6C39B78D0FC}.Release|Any CPU.ActiveCfg = Release|Any CPU
		{8D172994-BAED-4404-BC95-D6C39B78D0FC}.Release|Any CPU.Build.0 = Release|Any CPU
		{C9AAD217-91F0-4EC8-9AEA-6D994C56200C}.Debug|Any CPU.ActiveCfg = Debug|Any CPU
		{C9AAD217-91F0-4EC8-9AEA-6D994C56200C}.Debug|Any CPU.Build.0 = Debug|Any CPU
		{C9AAD217-91F0-4EC8-9AEA-6D994C56200C}.Release|Any CPU.ActiveCfg = Release|Any CPU
		{C9AAD217-91F0-4EC8-9AEA-6D994C56200C}.Release|Any CPU.Build.0 = Release|Any CPU
		{A5D9990C-50FF-4F34-A7F5-3E1308352AA9}.Debug|Any CPU.ActiveCfg = Debug|Any CPU
		{A5D9990C-50FF-4F34-A7F5-3E1308352AA9}.Debug|Any CPU.Build.0 = Debug|Any CPU
		{A5D9990C-50FF-4F34-A7F5-3E1308352AA9}.Release|Any CPU.ActiveCfg = Release|Any CPU
		{A5D9990C-50FF-4F34-A7F5-3E1308352AA9}.Release|Any CPU.Build.0 = Release|Any CPU
		{4BD17CC4-AC07-4E16-80ED-04018F38B07F}.Debug|Any CPU.ActiveCfg = Debug|Any CPU
		{4BD17CC4-AC07-4E16-80ED-04018F38B07F}.Debug|Any CPU.Build.0 = Debug|Any CPU
		{4BD17CC4-AC07-4E16-80ED-04018F38B07F}.Release|Any CPU.ActiveCfg = Release|Any CPU
		{4BD17CC4-AC07-4E16-80ED-04018F38B07F}.Release|Any CPU.Build.0 = Release|Any CPU
		{23DA5762-DF82-423A-9AA6-44A14C0700AC}.Debug|Any CPU.ActiveCfg = Debug|Any CPU
		{23DA5762-DF82-423A-9AA6-44A14C0700AC}.Debug|Any CPU.Build.0 = Debug|Any CPU
		{23DA5762-DF82-423A-9AA6-44A14C0700AC}.Release|Any CPU.ActiveCfg = Release|Any CPU
		{23DA5762-DF82-423A-9AA6-44A14C0700AC}.Release|Any CPU.Build.0 = Release|Any CPU
		{53A2E460-F2C5-4F2C-892F-9A8F26438BEB}.Debug|Any CPU.ActiveCfg = Debug|Any CPU
		{53A2E460-F2C5-4F2C-892F-9A8F26438BEB}.Debug|Any CPU.Build.0 = Debug|Any CPU
		{53A2E460-F2C5-4F2C-892F-9A8F26438BEB}.Release|Any CPU.ActiveCfg = Release|Any CPU
		{53A2E460-F2C5-4F2C-892F-9A8F26438BEB}.Release|Any CPU.Build.0 = Release|Any CPU
		{6022406E-8805-4FC4-AE82-13D606B93DA1}.Debug|Any CPU.ActiveCfg = Debug|Any CPU
		{6022406E-8805-4FC4-AE82-13D606B93DA1}.Debug|Any CPU.Build.0 = Debug|Any CPU
		{6022406E-8805-4FC4-AE82-13D606B93DA1}.Release|Any CPU.ActiveCfg = Release|Any CPU
		{6022406E-8805-4FC4-AE82-13D606B93DA1}.Release|Any CPU.Build.0 = Release|Any CPU
		{6CF7F4E6-6BBF-4E12-BCCD-E16B7F43C952}.Debug|Any CPU.ActiveCfg = Debug|Any CPU
		{6CF7F4E6-6BBF-4E12-BCCD-E16B7F43C952}.Debug|Any CPU.Build.0 = Debug|Any CPU
		{6CF7F4E6-6BBF-4E12-BCCD-E16B7F43C952}.Release|Any CPU.ActiveCfg = Release|Any CPU
		{6CF7F4E6-6BBF-4E12-BCCD-E16B7F43C952}.Release|Any CPU.Build.0 = Release|Any CPU
		{405A4CBC-1AA0-4A04-878A-0D4F3568E210}.Debug|Any CPU.ActiveCfg = Debug|Any CPU
		{405A4CBC-1AA0-4A04-878A-0D4F3568E210}.Debug|Any CPU.Build.0 = Debug|Any CPU
		{405A4CBC-1AA0-4A04-878A-0D4F3568E210}.Release|Any CPU.ActiveCfg = Release|Any CPU
		{405A4CBC-1AA0-4A04-878A-0D4F3568E210}.Release|Any CPU.Build.0 = Release|Any CPU
		{B635D664-1297-4A71-A561-C2F133890CBC}.Debug|Any CPU.ActiveCfg = Debug|Any CPU
		{B635D664-1297-4A71-A561-C2F133890CBC}.Debug|Any CPU.Build.0 = Debug|Any CPU
		{B635D664-1297-4A71-A561-C2F133890CBC}.Release|Any CPU.ActiveCfg = Release|Any CPU
		{B635D664-1297-4A71-A561-C2F133890CBC}.Release|Any CPU.Build.0 = Release|Any CPU
		{3758B26B-3387-4972-AD14-D8CA50CBCB8C}.Debug|Any CPU.ActiveCfg = Debug|Any CPU
		{3758B26B-3387-4972-AD14-D8CA50CBCB8C}.Debug|Any CPU.Build.0 = Debug|Any CPU
		{3758B26B-3387-4972-AD14-D8CA50CBCB8C}.Release|Any CPU.ActiveCfg = Release|Any CPU
		{3758B26B-3387-4972-AD14-D8CA50CBCB8C}.Release|Any CPU.Build.0 = Release|Any CPU
		{DD600DC6-751D-4BE4-8AF1-55D73AD200F6}.Debug|Any CPU.ActiveCfg = Debug|Any CPU
		{DD600DC6-751D-4BE4-8AF1-55D73AD200F6}.Debug|Any CPU.Build.0 = Debug|Any CPU
		{DD600DC6-751D-4BE4-8AF1-55D73AD200F6}.Release|Any CPU.ActiveCfg = Release|Any CPU
		{DD600DC6-751D-4BE4-8AF1-55D73AD200F6}.Release|Any CPU.Build.0 = Release|Any CPU
		{15E7B988-85EB-4811-AC02-838551BAB61F}.Debug|Any CPU.ActiveCfg = Debug|Any CPU
		{15E7B988-85EB-4811-AC02-838551BAB61F}.Debug|Any CPU.Build.0 = Debug|Any CPU
		{15E7B988-85EB-4811-AC02-838551BAB61F}.Release|Any CPU.ActiveCfg = Release|Any CPU
		{15E7B988-85EB-4811-AC02-838551BAB61F}.Release|Any CPU.Build.0 = Release|Any CPU
		{DB630210-B450-431F-940B-C366ED247D28}.Debug|Any CPU.ActiveCfg = Debug|Any CPU
		{DB630210-B450-431F-940B-C366ED247D28}.Debug|Any CPU.Build.0 = Debug|Any CPU
		{DB630210-B450-431F-940B-C366ED247D28}.Release|Any CPU.ActiveCfg = Release|Any CPU
		{DB630210-B450-431F-940B-C366ED247D28}.Release|Any CPU.Build.0 = Release|Any CPU
		{241D9DB5-9C8C-497E-A08A-8C0EFAE2F301}.Debug|Any CPU.ActiveCfg = Debug|Any CPU
		{241D9DB5-9C8C-497E-A08A-8C0EFAE2F301}.Debug|Any CPU.Build.0 = Debug|Any CPU
		{241D9DB5-9C8C-497E-A08A-8C0EFAE2F301}.Release|Any CPU.ActiveCfg = Release|Any CPU
		{241D9DB5-9C8C-497E-A08A-8C0EFAE2F301}.Release|Any CPU.Build.0 = Release|Any CPU
		{D02BB05F-51ED-4537-99BD-FD6893206DE2}.Debug|Any CPU.ActiveCfg = Debug|Any CPU
		{D02BB05F-51ED-4537-99BD-FD6893206DE2}.Debug|Any CPU.Build.0 = Debug|Any CPU
		{D02BB05F-51ED-4537-99BD-FD6893206DE2}.Release|Any CPU.ActiveCfg = Release|Any CPU
		{D02BB05F-51ED-4537-99BD-FD6893206DE2}.Release|Any CPU.Build.0 = Release|Any CPU
		{36826F8F-B9E8-4856-9B7A-F09F2825179F}.Debug|Any CPU.ActiveCfg = Debug|Any CPU
		{36826F8F-B9E8-4856-9B7A-F09F2825179F}.Debug|Any CPU.Build.0 = Debug|Any CPU
		{36826F8F-B9E8-4856-9B7A-F09F2825179F}.Release|Any CPU.ActiveCfg = Release|Any CPU
		{36826F8F-B9E8-4856-9B7A-F09F2825179F}.Release|Any CPU.Build.0 = Release|Any CPU
		{91A10044-1205-4505-B4E1-C439F7D97917}.Debug|Any CPU.ActiveCfg = Debug|Any CPU
		{91A10044-1205-4505-B4E1-C439F7D97917}.Debug|Any CPU.Build.0 = Debug|Any CPU
		{91A10044-1205-4505-B4E1-C439F7D97917}.Release|Any CPU.ActiveCfg = Release|Any CPU
		{91A10044-1205-4505-B4E1-C439F7D97917}.Release|Any CPU.Build.0 = Release|Any CPU
		{47301CED-6093-4C92-889B-F618E72A7685}.Debug|Any CPU.ActiveCfg = Debug|Any CPU
		{47301CED-6093-4C92-889B-F618E72A7685}.Debug|Any CPU.Build.0 = Debug|Any CPU
		{47301CED-6093-4C92-889B-F618E72A7685}.Release|Any CPU.ActiveCfg = Release|Any CPU
		{47301CED-6093-4C92-889B-F618E72A7685}.Release|Any CPU.Build.0 = Release|Any CPU
		{E46EB19C-0731-4C76-A44D-2FDB62D08089}.Debug|Any CPU.ActiveCfg = Debug|Any CPU
		{E46EB19C-0731-4C76-A44D-2FDB62D08089}.Debug|Any CPU.Build.0 = Debug|Any CPU
		{E46EB19C-0731-4C76-A44D-2FDB62D08089}.Release|Any CPU.ActiveCfg = Release|Any CPU
		{E46EB19C-0731-4C76-A44D-2FDB62D08089}.Release|Any CPU.Build.0 = Release|Any CPU
		{B1E90638-43F5-4F17-9558-341E7CE024A4}.Debug|Any CPU.ActiveCfg = Debug|Any CPU
		{B1E90638-43F5-4F17-9558-341E7CE024A4}.Debug|Any CPU.Build.0 = Debug|Any CPU
		{B1E90638-43F5-4F17-9558-341E7CE024A4}.Release|Any CPU.ActiveCfg = Release|Any CPU
		{B1E90638-43F5-4F17-9558-341E7CE024A4}.Release|Any CPU.Build.0 = Release|Any CPU
		{DBEFE6C2-4AF2-4491-A644-91A2D51D3EFB}.Debug|Any CPU.ActiveCfg = Debug|Any CPU
		{DBEFE6C2-4AF2-4491-A644-91A2D51D3EFB}.Debug|Any CPU.Build.0 = Debug|Any CPU
		{DBEFE6C2-4AF2-4491-A644-91A2D51D3EFB}.Release|Any CPU.ActiveCfg = Release|Any CPU
		{DBEFE6C2-4AF2-4491-A644-91A2D51D3EFB}.Release|Any CPU.Build.0 = Release|Any CPU
		{221FC29D-A9B1-4E1D-85B5-4BE515CBB075}.Debug|Any CPU.ActiveCfg = Debug|Any CPU
		{221FC29D-A9B1-4E1D-85B5-4BE515CBB075}.Debug|Any CPU.Build.0 = Debug|Any CPU
		{221FC29D-A9B1-4E1D-85B5-4BE515CBB075}.Release|Any CPU.ActiveCfg = Release|Any CPU
		{221FC29D-A9B1-4E1D-85B5-4BE515CBB075}.Release|Any CPU.Build.0 = Release|Any CPU
	EndGlobalSection
	GlobalSection(SolutionProperties) = preSolution
		HideSolutionNode = FALSE
	EndGlobalSection
	GlobalSection(NestedProjects) = preSolution
		{8D172994-BAED-4404-BC95-D6C39B78D0FC} = {FBF815E1-6402-4DC5-8C66-261FF365F449}
		{C9AAD217-91F0-4EC8-9AEA-6D994C56200C} = {52C4487B-3345-4099-9EA6-20386ADFBA5F}
		{A5D9990C-50FF-4F34-A7F5-3E1308352AA9} = {52C4487B-3345-4099-9EA6-20386ADFBA5F}
		{4BD17CC4-AC07-4E16-80ED-04018F38B07F} = {52C4487B-3345-4099-9EA6-20386ADFBA5F}
		{23DA5762-DF82-423A-9AA6-44A14C0700AC} = {52C4487B-3345-4099-9EA6-20386ADFBA5F}
		{53A2E460-F2C5-4F2C-892F-9A8F26438BEB} = {FBF815E1-6402-4DC5-8C66-261FF365F449}
		{6022406E-8805-4FC4-AE82-13D606B93DA1} = {FBF815E1-6402-4DC5-8C66-261FF365F449}
		{6CF7F4E6-6BBF-4E12-BCCD-E16B7F43C952} = {FBF815E1-6402-4DC5-8C66-261FF365F449}
		{405A4CBC-1AA0-4A04-878A-0D4F3568E210} = {FBF815E1-6402-4DC5-8C66-261FF365F449}
		{B635D664-1297-4A71-A561-C2F133890CBC} = {FBF815E1-6402-4DC5-8C66-261FF365F449}
		{3758B26B-3387-4972-AD14-D8CA50CBCB8C} = {FBF815E1-6402-4DC5-8C66-261FF365F449}
		{DD600DC6-751D-4BE4-8AF1-55D73AD200F6} = {EF19EE1A-1738-4885-B147-BD96780A965B}
		{15E7B988-85EB-4811-AC02-838551BAB61F} = {EF19EE1A-1738-4885-B147-BD96780A965B}
		{DB630210-B450-431F-940B-C366ED247D28} = {EF19EE1A-1738-4885-B147-BD96780A965B}
		{241D9DB5-9C8C-497E-A08A-8C0EFAE2F301} = {EF19EE1A-1738-4885-B147-BD96780A965B}
		{D02BB05F-51ED-4537-99BD-FD6893206DE2} = {EF19EE1A-1738-4885-B147-BD96780A965B}
		{36826F8F-B9E8-4856-9B7A-F09F2825179F} = {EF19EE1A-1738-4885-B147-BD96780A965B}
		{91A10044-1205-4505-B4E1-C439F7D97917} = {EF19EE1A-1738-4885-B147-BD96780A965B}
		{47301CED-6093-4C92-889B-F618E72A7685} = {EF19EE1A-1738-4885-B147-BD96780A965B}
		{E46EB19C-0731-4C76-A44D-2FDB62D08089} = {EF19EE1A-1738-4885-B147-BD96780A965B}
		{B1E90638-43F5-4F17-9558-341E7CE024A4} = {EF19EE1A-1738-4885-B147-BD96780A965B}
		{DBEFE6C2-4AF2-4491-A644-91A2D51D3EFB} = {52C4487B-3345-4099-9EA6-20386ADFBA5F}
		{221FC29D-A9B1-4E1D-85B5-4BE515CBB075} = {52C4487B-3345-4099-9EA6-20386ADFBA5F}
	EndGlobalSection
	GlobalSection(ExtensibilityGlobals) = postSolution
		SolutionGuid = {7A48D337-94B3-4B4F-8C8C-B0CF43CED809}
	EndGlobalSection
EndGlobal
